// !$*UTF8*$!
{
	archiveVersion = 1;
	classes = {
	};
	objectVersion = 55;
	objects = {

/* Begin PBXBuildFile section */
		3760E3D327E0E1840065078C /* TaskListView.swift in Sources */ = {isa = PBXBuildFile; fileRef = 3760E3D227E0E1840065078C /* TaskListView.swift */; };
		3760E3D527E0E2630065078C /* SideMenuView.swift in Sources */ = {isa = PBXBuildFile; fileRef = 3760E3D427E0E2630065078C /* SideMenuView.swift */; };
		376A391027DF6A1A00AB45C7 /* UpcomingTaskSlider.swift in Sources */ = {isa = PBXBuildFile; fileRef = 376A390F27DF6A1A00AB45C7 /* UpcomingTaskSlider.swift */; };
		376A391227DF7BDC00AB45C7 /* Extensions.swift in Sources */ = {isa = PBXBuildFile; fileRef = 376A391127DF7BDC00AB45C7 /* Extensions.swift */; };
		376A391527DF969800AB45C7 /* CompletedTaskSlider.swift in Sources */ = {isa = PBXBuildFile; fileRef = 376A391427DF969800AB45C7 /* CompletedTaskSlider.swift */; };
		376A391927DFA2AE00AB45C7 /* AddTaskButton.swift in Sources */ = {isa = PBXBuildFile; fileRef = 376A391827DFA2AE00AB45C7 /* AddTaskButton.swift */; };
		37793A6827E89EAB00E95FEC /* DateSelectionUI.swift in Sources */ = {isa = PBXBuildFile; fileRef = 37793A6727E89EAB00E95FEC /* DateSelectionUI.swift */; };
		37E734FA27DD139F008FC48F /* Finale_To_doApp.swift in Sources */ = {isa = PBXBuildFile; fileRef = 37E734F927DD139F008FC48F /* Finale_To_doApp.swift */; };
		37E734FC27DD139F008FC48F /* AppView.swift in Sources */ = {isa = PBXBuildFile; fileRef = 37E734FB27DD139F008FC48F /* AppView.swift */; };
		37E734FE27DD13A0008FC48F /* Assets.xcassets in Resources */ = {isa = PBXBuildFile; fileRef = 37E734FD27DD13A0008FC48F /* Assets.xcassets */; };
		37E7350127DD13A0008FC48F /* Preview Assets.xcassets in Resources */ = {isa = PBXBuildFile; fileRef = 37E7350027DD13A0008FC48F /* Preview Assets.xcassets */; };
		37EB1A1B27ECF90600AAB680 /* MainView.swift in Sources */ = {isa = PBXBuildFile; fileRef = 37EB1A1A27ECF90600AAB680 /* MainView.swift */; };
/* End PBXBuildFile section */

/* Begin PBXFileReference section */
		3760E3D227E0E1840065078C /* TaskListView.swift */ = {isa = PBXFileReference; lastKnownFileType = sourcecode.swift; path = TaskListView.swift; sourceTree = "<group>"; };
		3760E3D427E0E2630065078C /* SideMenuView.swift */ = {isa = PBXFileReference; lastKnownFileType = sourcecode.swift; path = SideMenuView.swift; sourceTree = "<group>"; };
		376A390F27DF6A1A00AB45C7 /* UpcomingTaskSlider.swift */ = {isa = PBXFileReference; lastKnownFileType = sourcecode.swift; path = UpcomingTaskSlider.swift; sourceTree = "<group>"; };
		376A391127DF7BDC00AB45C7 /* Extensions.swift */ = {isa = PBXFileReference; lastKnownFileType = sourcecode.swift; path = Extensions.swift; sourceTree = "<group>"; };
		376A391427DF969800AB45C7 /* CompletedTaskSlider.swift */ = {isa = PBXFileReference; lastKnownFileType = sourcecode.swift; path = CompletedTaskSlider.swift; sourceTree = "<group>"; };
		376A391827DFA2AE00AB45C7 /* AddTaskButton.swift */ = {isa = PBXFileReference; lastKnownFileType = sourcecode.swift; path = AddTaskButton.swift; sourceTree = "<group>"; };
		37793A6727E89EAB00E95FEC /* DateSelectionUI.swift */ = {isa = PBXFileReference; lastKnownFileType = sourcecode.swift; path = DateSelectionUI.swift; sourceTree = "<group>"; };
		37E734F627DD139F008FC48F /* Finale To-do.app */ = {isa = PBXFileReference; explicitFileType = wrapper.application; includeInIndex = 0; path = "Finale To-do.app"; sourceTree = BUILT_PRODUCTS_DIR; };
		37E734F927DD139F008FC48F /* Finale_To_doApp.swift */ = {isa = PBXFileReference; lastKnownFileType = sourcecode.swift; path = Finale_To_doApp.swift; sourceTree = "<group>"; };
		37E734FB27DD139F008FC48F /* AppView.swift */ = {isa = PBXFileReference; lastKnownFileType = sourcecode.swift; path = AppView.swift; sourceTree = "<group>"; };
		37E734FD27DD13A0008FC48F /* Assets.xcassets */ = {isa = PBXFileReference; lastKnownFileType = folder.assetcatalog; path = Assets.xcassets; sourceTree = "<group>"; };
		37E7350027DD13A0008FC48F /* Preview Assets.xcassets */ = {isa = PBXFileReference; lastKnownFileType = folder.assetcatalog; path = "Preview Assets.xcassets"; sourceTree = "<group>"; };
		37EB1A1A27ECF90600AAB680 /* MainView.swift */ = {isa = PBXFileReference; lastKnownFileType = sourcecode.swift; path = MainView.swift; sourceTree = "<group>"; };
/* End PBXFileReference section */

/* Begin PBXFrameworksBuildPhase section */
		37E734F327DD139F008FC48F /* Frameworks */ = {
			isa = PBXFrameworksBuildPhase;
			buildActionMask = 2147483647;
			files = (
			);
			runOnlyForDeploymentPostprocessing = 0;
		};
/* End PBXFrameworksBuildPhase section */

/* Begin PBXGroup section */
		3760E3D627E0E2670065078C /* Views */ = {
			isa = PBXGroup;
			children = (
				3760E3D427E0E2630065078C /* SideMenuView.swift */,
				3760E3D227E0E1840065078C /* TaskListView.swift */,
				37EB1A1A27ECF90600AAB680 /* MainView.swift */,
			);
			path = Views;
			sourceTree = "<group>";
		};
		376A391327DF968600AB45C7 /* UI Elements */ = {
			isa = PBXGroup;
			children = (
				376A390F27DF6A1A00AB45C7 /* UpcomingTaskSlider.swift */,
				376A391427DF969800AB45C7 /* CompletedTaskSlider.swift */,
				376A391827DFA2AE00AB45C7 /* AddTaskButton.swift */,
				37793A6727E89EAB00E95FEC /* DateSelectionUI.swift */,
			);
			path = "UI Elements";
			sourceTree = "<group>";
		};
		37E734ED27DD139F008FC48F = {
			isa = PBXGroup;
			children = (
				37E734F827DD139F008FC48F /* Finale To-do */,
				37E734F727DD139F008FC48F /* Products */,
			);
			sourceTree = "<group>";
		};
		37E734F727DD139F008FC48F /* Products */ = {
			isa = PBXGroup;
			children = (
				37E734F627DD139F008FC48F /* Finale To-do.app */,
			);
			name = Products;
			sourceTree = "<group>";
		};
		37E734F827DD139F008FC48F /* Finale To-do */ = {
			isa = PBXGroup;
			children = (
				376A391327DF968600AB45C7 /* UI Elements */,
				3760E3D627E0E2670065078C /* Views */,
				37E734F927DD139F008FC48F /* Finale_To_doApp.swift */,
				37E734FB27DD139F008FC48F /* AppView.swift */,
				376A391127DF7BDC00AB45C7 /* Extensions.swift */,
				37E734FD27DD13A0008FC48F /* Assets.xcassets */,
				37E734FF27DD13A0008FC48F /* Preview Content */,
			);
			path = "Finale To-do";
			sourceTree = "<group>";
		};
		37E734FF27DD13A0008FC48F /* Preview Content */ = {
			isa = PBXGroup;
			children = (
				37E7350027DD13A0008FC48F /* Preview Assets.xcassets */,
			);
			path = "Preview Content";
			sourceTree = "<group>";
		};
/* End PBXGroup section */

/* Begin PBXNativeTarget section */
		37E734F527DD139F008FC48F /* Finale To-do */ = {
			isa = PBXNativeTarget;
			buildConfigurationList = 37E7350427DD13A0008FC48F /* Build configuration list for PBXNativeTarget "Finale To-do" */;
			buildPhases = (
				37E734F227DD139F008FC48F /* Sources */,
				37E734F327DD139F008FC48F /* Frameworks */,
				37E734F427DD139F008FC48F /* Resources */,
			);
			buildRules = (
			);
			dependencies = (
			);
			name = "Finale To-do";
			productName = "Finale To-do";
			productReference = 37E734F627DD139F008FC48F /* Finale To-do.app */;
			productType = "com.apple.product-type.application";
		};
/* End PBXNativeTarget section */

/* Begin PBXProject section */
		37E734EE27DD139F008FC48F /* Project object */ = {
			isa = PBXProject;
			attributes = {
				BuildIndependentTargetsInParallel = 1;
				LastSwiftUpdateCheck = 1320;
				LastUpgradeCheck = 1320;
				TargetAttributes = {
					37E734F527DD139F008FC48F = {
						CreatedOnToolsVersion = 13.2.1;
					};
				};
			};
			buildConfigurationList = 37E734F127DD139F008FC48F /* Build configuration list for PBXProject "Finale To-do" */;
			compatibilityVersion = "Xcode 13.0";
			developmentRegion = en;
			hasScannedForEncodings = 0;
			knownRegions = (
				en,
				Base,
			);
			mainGroup = 37E734ED27DD139F008FC48F;
			productRefGroup = 37E734F727DD139F008FC48F /* Products */;
			projectDirPath = "";
			projectRoot = "";
			targets = (
				37E734F527DD139F008FC48F /* Finale To-do */,
			);
		};
/* End PBXProject section */

/* Begin PBXResourcesBuildPhase section */
		37E734F427DD139F008FC48F /* Resources */ = {
			isa = PBXResourcesBuildPhase;
			buildActionMask = 2147483647;
			files = (
				37E7350127DD13A0008FC48F /* Preview Assets.xcassets in Resources */,
				37E734FE27DD13A0008FC48F /* Assets.xcassets in Resources */,
			);
			runOnlyForDeploymentPostprocessing = 0;
		};
/* End PBXResourcesBuildPhase section */

/* Begin PBXSourcesBuildPhase section */
		37E734F227DD139F008FC48F /* Sources */ = {
			isa = PBXSourcesBuildPhase;
			buildActionMask = 2147483647;
			files = (
				376A391527DF969800AB45C7 /* CompletedTaskSlider.swift in Sources */,
				3760E3D527E0E2630065078C /* SideMenuView.swift in Sources */,
				37E734FC27DD139F008FC48F /* AppView.swift in Sources */,
				37EB1A1B27ECF90600AAB680 /* MainView.swift in Sources */,
				376A391027DF6A1A00AB45C7 /* UpcomingTaskSlider.swift in Sources */,
				37E734FA27DD139F008FC48F /* Finale_To_doApp.swift in Sources */,
				376A391227DF7BDC00AB45C7 /* Extensions.swift in Sources */,
				3760E3D327E0E1840065078C /* TaskListView.swift in Sources */,
				376A391927DFA2AE00AB45C7 /* AddTaskButton.swift in Sources */,
				37793A6827E89EAB00E95FEC /* DateSelectionUI.swift in Sources */,
			);
			runOnlyForDeploymentPostprocessing = 0;
		};
/* End PBXSourcesBuildPhase section */

/* Begin XCBuildConfiguration section */
		37E7350227DD13A0008FC48F /* Debug */ = {
			isa = XCBuildConfiguration;
			buildSettings = {
				ALWAYS_SEARCH_USER_PATHS = NO;
				CLANG_ANALYZER_NONNULL = YES;
				CLANG_ANALYZER_NUMBER_OBJECT_CONVERSION = YES_AGGRESSIVE;
				CLANG_CXX_LANGUAGE_STANDARD = "gnu++17";
				CLANG_CXX_LIBRARY = "libc++";
				CLANG_ENABLE_MODULES = YES;
				CLANG_ENABLE_OBJC_ARC = YES;
				CLANG_ENABLE_OBJC_WEAK = YES;
				CLANG_WARN_BLOCK_CAPTURE_AUTORELEASING = YES;
				CLANG_WARN_BOOL_CONVERSION = YES;
				CLANG_WARN_COMMA = YES;
				CLANG_WARN_CONSTANT_CONVERSION = YES;
				CLANG_WARN_DEPRECATED_OBJC_IMPLEMENTATIONS = YES;
				CLANG_WARN_DIRECT_OBJC_ISA_USAGE = YES_ERROR;
				CLANG_WARN_DOCUMENTATION_COMMENTS = YES;
				CLANG_WARN_EMPTY_BODY = YES;
				CLANG_WARN_ENUM_CONVERSION = YES;
				CLANG_WARN_INFINITE_RECURSION = YES;
				CLANG_WARN_INT_CONVERSION = YES;
				CLANG_WARN_NON_LITERAL_NULL_CONVERSION = YES;
				CLANG_WARN_OBJC_IMPLICIT_RETAIN_SELF = YES;
				CLANG_WARN_OBJC_LITERAL_CONVERSION = YES;
				CLANG_WARN_OBJC_ROOT_CLASS = YES_ERROR;
				CLANG_WARN_QUOTED_INCLUDE_IN_FRAMEWORK_HEADER = YES;
				CLANG_WARN_RANGE_LOOP_ANALYSIS = YES;
				CLANG_WARN_STRICT_PROTOTYPES = YES;
				CLANG_WARN_SUSPICIOUS_MOVE = YES;
				CLANG_WARN_UNGUARDED_AVAILABILITY = YES_AGGRESSIVE;
				CLANG_WARN_UNREACHABLE_CODE = YES;
				CLANG_WARN__DUPLICATE_METHOD_MATCH = YES;
				COPY_PHASE_STRIP = NO;
				DEBUG_INFORMATION_FORMAT = dwarf;
				ENABLE_STRICT_OBJC_MSGSEND = YES;
				ENABLE_TESTABILITY = YES;
				GCC_C_LANGUAGE_STANDARD = gnu11;
				GCC_DYNAMIC_NO_PIC = NO;
				GCC_NO_COMMON_BLOCKS = YES;
				GCC_OPTIMIZATION_LEVEL = 0;
				GCC_PREPROCESSOR_DEFINITIONS = (
					"DEBUG=1",
					"$(inherited)",
				);
				GCC_WARN_64_TO_32_BIT_CONVERSION = YES;
				GCC_WARN_ABOUT_RETURN_TYPE = YES_ERROR;
				GCC_WARN_UNDECLARED_SELECTOR = YES;
				GCC_WARN_UNINITIALIZED_AUTOS = YES_AGGRESSIVE;
				GCC_WARN_UNUSED_FUNCTION = YES;
				GCC_WARN_UNUSED_VARIABLE = YES;
				IPHONEOS_DEPLOYMENT_TARGET = 15.2;
				MTL_ENABLE_DEBUG_INFO = INCLUDE_SOURCE;
				MTL_FAST_MATH = YES;
				ONLY_ACTIVE_ARCH = YES;
				SDKROOT = iphoneos;
				SWIFT_ACTIVE_COMPILATION_CONDITIONS = DEBUG;
				SWIFT_OPTIMIZATION_LEVEL = "-Onone";
			};
			name = Debug;
		};
		37E7350327DD13A0008FC48F /* Release */ = {
			isa = XCBuildConfiguration;
			buildSettings = {
				ALWAYS_SEARCH_USER_PATHS = NO;
				CLANG_ANALYZER_NONNULL = YES;
				CLANG_ANALYZER_NUMBER_OBJECT_CONVERSION = YES_AGGRESSIVE;
				CLANG_CXX_LANGUAGE_STANDARD = "gnu++17";
				CLANG_CXX_LIBRARY = "libc++";
				CLANG_ENABLE_MODULES = YES;
				CLANG_ENABLE_OBJC_ARC = YES;
				CLANG_ENABLE_OBJC_WEAK = YES;
				CLANG_WARN_BLOCK_CAPTURE_AUTORELEASING = YES;
				CLANG_WARN_BOOL_CONVERSION = YES;
				CLANG_WARN_COMMA = YES;
				CLANG_WARN_CONSTANT_CONVERSION = YES;
				CLANG_WARN_DEPRECATED_OBJC_IMPLEMENTATIONS = YES;
				CLANG_WARN_DIRECT_OBJC_ISA_USAGE = YES_ERROR;
				CLANG_WARN_DOCUMENTATION_COMMENTS = YES;
				CLANG_WARN_EMPTY_BODY = YES;
				CLANG_WARN_ENUM_CONVERSION = YES;
				CLANG_WARN_INFINITE_RECURSION = YES;
				CLANG_WARN_INT_CONVERSION = YES;
				CLANG_WARN_NON_LITERAL_NULL_CONVERSION = YES;
				CLANG_WARN_OBJC_IMPLICIT_RETAIN_SELF = YES;
				CLANG_WARN_OBJC_LITERAL_CONVERSION = YES;
				CLANG_WARN_OBJC_ROOT_CLASS = YES_ERROR;
				CLANG_WARN_QUOTED_INCLUDE_IN_FRAMEWORK_HEADER = YES;
				CLANG_WARN_RANGE_LOOP_ANALYSIS = YES;
				CLANG_WARN_STRICT_PROTOTYPES = YES;
				CLANG_WARN_SUSPICIOUS_MOVE = YES;
				CLANG_WARN_UNGUARDED_AVAILABILITY = YES_AGGRESSIVE;
				CLANG_WARN_UNREACHABLE_CODE = YES;
				CLANG_WARN__DUPLICATE_METHOD_MATCH = YES;
				COPY_PHASE_STRIP = NO;
				DEBUG_INFORMATION_FORMAT = "dwarf-with-dsym";
				ENABLE_NS_ASSERTIONS = NO;
				ENABLE_STRICT_OBJC_MSGSEND = YES;
				GCC_C_LANGUAGE_STANDARD = gnu11;
				GCC_NO_COMMON_BLOCKS = YES;
				GCC_WARN_64_TO_32_BIT_CONVERSION = YES;
				GCC_WARN_ABOUT_RETURN_TYPE = YES_ERROR;
				GCC_WARN_UNDECLARED_SELECTOR = YES;
				GCC_WARN_UNINITIALIZED_AUTOS = YES_AGGRESSIVE;
				GCC_WARN_UNUSED_FUNCTION = YES;
				GCC_WARN_UNUSED_VARIABLE = YES;
				IPHONEOS_DEPLOYMENT_TARGET = 15.2;
				MTL_ENABLE_DEBUG_INFO = NO;
				MTL_FAST_MATH = YES;
				SDKROOT = iphoneos;
				SWIFT_COMPILATION_MODE = wholemodule;
				SWIFT_OPTIMIZATION_LEVEL = "-O";
				VALIDATE_PRODUCT = YES;
			};
			name = Release;
		};
		37E7350527DD13A0008FC48F /* Debug */ = {
			isa = XCBuildConfiguration;
			buildSettings = {
				ASSETCATALOG_COMPILER_APPICON_NAME = AppIcon;
				ASSETCATALOG_COMPILER_GLOBAL_ACCENT_COLOR_NAME = AccentColor;
				CODE_SIGN_STYLE = Automatic;
				CURRENT_PROJECT_VERSION = 1;
				DEVELOPMENT_ASSET_PATHS = "\"Finale To-do/Preview Content\"";
				DEVELOPMENT_TEAM = AYPPAXMRMG;
				ENABLE_PREVIEWS = YES;
				GENERATE_INFOPLIST_FILE = YES;
				INFOPLIST_KEY_UIApplicationSceneManifest_Generation = YES;
				INFOPLIST_KEY_UIApplicationSupportsIndirectInputEvents = YES;
				INFOPLIST_KEY_UILaunchScreen_Generation = YES;
				INFOPLIST_KEY_UISupportedInterfaceOrientations_iPad = "UIInterfaceOrientationPortrait UIInterfaceOrientationPortraitUpsideDown UIInterfaceOrientationLandscapeLeft UIInterfaceOrientationLandscapeRight";
				INFOPLIST_KEY_UISupportedInterfaceOrientations_iPhone = "UIInterfaceOrientationPortrait UIInterfaceOrientationLandscapeLeft UIInterfaceOrientationLandscapeRight";
				LD_RUNPATH_SEARCH_PATHS = (
					"$(inherited)",
					"@executable_path/Frameworks",
				);
				MARKETING_VERSION = 1.0;
				PRODUCT_BUNDLE_IDENTIFIER = "com.Grant151.Finale-To-do";
				PRODUCT_NAME = "$(TARGET_NAME)";
				SWIFT_EMIT_LOC_STRINGS = YES;
				SWIFT_VERSION = 5.0;
				TARGETED_DEVICE_FAMILY = "1,2";
			};
			name = Debug;
		};
		37E7350627DD13A0008FC48F /* Release */ = {
			isa = XCBuildConfiguration;
			buildSettings = {
				ASSETCATALOG_COMPILER_APPICON_NAME = AppIcon;
				ASSETCATALOG_COMPILER_GLOBAL_ACCENT_COLOR_NAME = AccentColor;
				CODE_SIGN_STYLE = Automatic;
				CURRENT_PROJECT_VERSION = 1;
				DEVELOPMENT_ASSET_PATHS = "\"Finale To-do/Preview Content\"";
				DEVELOPMENT_TEAM = AYPPAXMRMG;
				ENABLE_PREVIEWS = YES;
				GENERATE_INFOPLIST_FILE = YES;
				INFOPLIST_KEY_UIApplicationSceneManifest_Generation = YES;
				INFOPLIST_KEY_UIApplicationSupportsIndirectInputEvents = YES;
				INFOPLIST_KEY_UILaunchScreen_Generation = YES;
				INFOPLIST_KEY_UISupportedInterfaceOrientations_iPad = "UIInterfaceOrientationPortrait UIInterfaceOrientationPortraitUpsideDown UIInterfaceOrientationLandscapeLeft UIInterfaceOrientationLandscapeRight";
				INFOPLIST_KEY_UISupportedInterfaceOrientations_iPhone = "UIInterfaceOrientationPortrait UIInterfaceOrientationLandscapeLeft UIInterfaceOrientationLandscapeRight";
				LD_RUNPATH_SEARCH_PATHS = (
					"$(inherited)",
					"@executable_path/Frameworks",
				);
				MARKETING_VERSION = 1.0;
				PRODUCT_BUNDLE_IDENTIFIER = "com.Grant151.Finale-To-do";
				PRODUCT_NAME = "$(TARGET_NAME)";
				SWIFT_EMIT_LOC_STRINGS = YES;
				SWIFT_VERSION = 5.0;
				TARGETED_DEVICE_FAMILY = "1,2";
			};
			name = Release;
		};
/* End XCBuildConfiguration section */

/* Begin XCConfigurationList section */
		37E734F127DD139F008FC48F /* Build configuration list for PBXProject "Finale To-do" */ = {
			isa = XCConfigurationList;
			buildConfigurations = (
				37E7350227DD13A0008FC48F /* Debug */,
				37E7350327DD13A0008FC48F /* Release */,
			);
			defaultConfigurationIsVisible = 0;
			defaultConfigurationName = Release;
		};
		37E7350427DD13A0008FC48F /* Build configuration list for PBXNativeTarget "Finale To-do" */ = {
			isa = XCConfigurationList;
			buildConfigurations = (
				37E7350527DD13A0008FC48F /* Debug */,
				37E7350627DD13A0008FC48F /* Release */,
			);
			defaultConfigurationIsVisible = 0;
			defaultConfigurationName = Release;
		};
/* End XCConfigurationList section */
	};
	rootObject = 37E734EE27DD139F008FC48F /* Project object */;
}
