// !$*UTF8*$!
{
	archiveVersion = 1;
	classes = {
	};
	objectVersion = 55;
	objects = {

/* Begin PBXBuildFile section */
		370A9DB128106F5D00FC30A7 /* ConfirmationSlideover.swift in Sources */ = {isa = PBXBuildFile; fileRef = 370A9DB028106F5D00FC30A7 /* ConfirmationSlideover.swift */; };
		370A9DB32810CDDE00FC30A7 /* TaskSliderContextMenu.swift in Sources */ = {isa = PBXBuildFile; fileRef = 370A9DB22810CDDE00FC30A7 /* TaskSliderContextMenu.swift */; };
		371135F728138CE300B51322 /* NotificationHelper.swift in Sources */ = {isa = PBXBuildFile; fileRef = 371135F628138CE300B51322 /* NotificationHelper.swift */; };
		372B89FD281C4DE200117A72 /* MiscSettingsTableRows.swift in Sources */ = {isa = PBXBuildFile; fileRef = 372B89FC281C4DE200117A72 /* MiscSettingsTableRows.swift */; };
		372B8A10281CD50A00117A72 /* AppIconManager.swift in Sources */ = {isa = PBXBuildFile; fileRef = 372B8A0F281CD50A00117A72 /* AppIconManager.swift */; };
		372B8A2A281CE61F00117A72 /* classicFilled@2x.png in Resources */ = {isa = PBXBuildFile; fileRef = 372B8A22281CE61F00117A72 /* classicFilled@2x.png */; };
		372B8A2B281CE61F00117A72 /* classic@3x.png in Resources */ = {isa = PBXBuildFile; fileRef = 372B8A23281CE61F00117A72 /* classic@3x.png */; };
		372B8A2C281CE61F00117A72 /* darkmodeFilled@3x.png in Resources */ = {isa = PBXBuildFile; fileRef = 372B8A24281CE61F00117A72 /* darkmodeFilled@3x.png */; };
		372B8A2D281CE61F00117A72 /* darkmodeFilled@2x.png in Resources */ = {isa = PBXBuildFile; fileRef = 372B8A25281CE61F00117A72 /* darkmodeFilled@2x.png */; };
		372B8A2E281CE61F00117A72 /* classic@2x.png in Resources */ = {isa = PBXBuildFile; fileRef = 372B8A26281CE61F00117A72 /* classic@2x.png */; };
		372B8A2F281CE61F00117A72 /* classicFilled@3x.png in Resources */ = {isa = PBXBuildFile; fileRef = 372B8A27281CE61F00117A72 /* classicFilled@3x.png */; };
		372B8A30281CE61F00117A72 /* darkmode@3x.png in Resources */ = {isa = PBXBuildFile; fileRef = 372B8A28281CE61F00117A72 /* darkmode@3x.png */; };
		372B8A31281CE61F00117A72 /* darkmode@2x.png in Resources */ = {isa = PBXBuildFile; fileRef = 372B8A29281CE61F00117A72 /* darkmode@2x.png */; };
		375E5D79280F1AA2001A289E /* UndoButton.swift in Sources */ = {isa = PBXBuildFile; fileRef = 375E5D78280F1AA2001A289E /* UndoButton.swift */; };
		375E5D7B280F7155001A289E /* CalendarViewController.swift in Sources */ = {isa = PBXBuildFile; fileRef = 375E5D7A280F7155001A289E /* CalendarViewController.swift */; };
		376AD0C32808DC5900986B49 /* AppDelegate.swift in Sources */ = {isa = PBXBuildFile; fileRef = 376AD0C22808DC5900986B49 /* AppDelegate.swift */; };
		376AD0C52808DC5900986B49 /* SceneDelegate.swift in Sources */ = {isa = PBXBuildFile; fileRef = 376AD0C42808DC5900986B49 /* SceneDelegate.swift */; };
		376AD0C72808DC5900986B49 /* App.swift in Sources */ = {isa = PBXBuildFile; fileRef = 376AD0C62808DC5900986B49 /* App.swift */; };
		376AD0CC2808DC5A00986B49 /* Assets.xcassets in Resources */ = {isa = PBXBuildFile; fileRef = 376AD0CB2808DC5A00986B49 /* Assets.xcassets */; };
		376AD0D72808DDEB00986B49 /* TaskListView.swift in Sources */ = {isa = PBXBuildFile; fileRef = 376AD0D62808DDEB00986B49 /* TaskListView.swift */; };
		376AD0DB2808EFA300986B49 /* TaskSlider.swift in Sources */ = {isa = PBXBuildFile; fileRef = 376AD0DA2808EFA300986B49 /* TaskSlider.swift */; };
		376AD0DD2808FD4C00986B49 /* Classes.swift in Sources */ = {isa = PBXBuildFile; fileRef = 376AD0DC2808FD4C00986B49 /* Classes.swift */; };
		376AD0DF280901AF00986B49 /* Extensions.swift in Sources */ = {isa = PBXBuildFile; fileRef = 376AD0DE280901AF00986B49 /* Extensions.swift */; };
		377C3914281B0F4C006F42BA /* SettingsPageViewController.swift in Sources */ = {isa = PBXBuildFile; fileRef = 377C3913281B0F4C006F42BA /* SettingsPageViewController.swift */; };
		37983B8C2819F608007B241A /* SettingsViewController.swift in Sources */ = {isa = PBXBuildFile; fileRef = 37983B8B2819F608007B241A /* SettingsViewController.swift */; };
		37E4CE012809AE3F002B4D87 /* SideMenuView.swift in Sources */ = {isa = PBXBuildFile; fileRef = 37E4CE002809AE3F002B4D87 /* SideMenuView.swift */; };
		37E4CE032809C9F3002B4D87 /* AddTaskButton.swift in Sources */ = {isa = PBXBuildFile; fileRef = 37E4CE022809C9F3002B4D87 /* AddTaskButton.swift */; };
		37F837C5280E11BF00F2A9C0 /* AddListView.swift in Sources */ = {isa = PBXBuildFile; fileRef = 37F837C4280E11BF00F2A9C0 /* AddListView.swift */; };
		37F837C7280E657E00F2A9C0 /* Theme.swift in Sources */ = {isa = PBXBuildFile; fileRef = 37F837C6280E657E00F2A9C0 /* Theme.swift */; };
/* End PBXBuildFile section */

/* Begin PBXFileReference section */
		370A9DB028106F5D00FC30A7 /* ConfirmationSlideover.swift */ = {isa = PBXFileReference; lastKnownFileType = sourcecode.swift; path = ConfirmationSlideover.swift; sourceTree = "<group>"; };
		370A9DB22810CDDE00FC30A7 /* TaskSliderContextMenu.swift */ = {isa = PBXFileReference; lastKnownFileType = sourcecode.swift; path = TaskSliderContextMenu.swift; sourceTree = "<group>"; };
		371135F628138CE300B51322 /* NotificationHelper.swift */ = {isa = PBXFileReference; lastKnownFileType = sourcecode.swift; path = NotificationHelper.swift; sourceTree = "<group>"; };
		372B89FC281C4DE200117A72 /* MiscSettingsTableRows.swift */ = {isa = PBXFileReference; lastKnownFileType = sourcecode.swift; path = MiscSettingsTableRows.swift; sourceTree = "<group>"; };
		372B8A0F281CD50A00117A72 /* AppIconManager.swift */ = {isa = PBXFileReference; lastKnownFileType = sourcecode.swift; path = AppIconManager.swift; sourceTree = "<group>"; };
		372B8A22281CE61F00117A72 /* classicFilled@2x.png */ = {isa = PBXFileReference; lastKnownFileType = image.png; path = "classicFilled@2x.png"; sourceTree = "<group>"; };
		372B8A23281CE61F00117A72 /* classic@3x.png */ = {isa = PBXFileReference; lastKnownFileType = image.png; path = "classic@3x.png"; sourceTree = "<group>"; };
		372B8A24281CE61F00117A72 /* darkmodeFilled@3x.png */ = {isa = PBXFileReference; lastKnownFileType = image.png; path = "darkmodeFilled@3x.png"; sourceTree = "<group>"; };
		372B8A25281CE61F00117A72 /* darkmodeFilled@2x.png */ = {isa = PBXFileReference; lastKnownFileType = image.png; path = "darkmodeFilled@2x.png"; sourceTree = "<group>"; };
		372B8A26281CE61F00117A72 /* classic@2x.png */ = {isa = PBXFileReference; lastKnownFileType = image.png; path = "classic@2x.png"; sourceTree = "<group>"; };
		372B8A27281CE61F00117A72 /* classicFilled@3x.png */ = {isa = PBXFileReference; lastKnownFileType = image.png; path = "classicFilled@3x.png"; sourceTree = "<group>"; };
		372B8A28281CE61F00117A72 /* darkmode@3x.png */ = {isa = PBXFileReference; lastKnownFileType = image.png; path = "darkmode@3x.png"; sourceTree = "<group>"; };
		372B8A29281CE61F00117A72 /* darkmode@2x.png */ = {isa = PBXFileReference; lastKnownFileType = image.png; path = "darkmode@2x.png"; sourceTree = "<group>"; };
		375E5D78280F1AA2001A289E /* UndoButton.swift */ = {isa = PBXFileReference; lastKnownFileType = sourcecode.swift; path = UndoButton.swift; sourceTree = "<group>"; };
		375E5D7A280F7155001A289E /* CalendarViewController.swift */ = {isa = PBXFileReference; lastKnownFileType = sourcecode.swift; path = CalendarViewController.swift; sourceTree = "<group>"; };
		376AD0BF2808DC5900986B49 /* Finale To-do.app */ = {isa = PBXFileReference; explicitFileType = wrapper.application; includeInIndex = 0; path = "Finale To-do.app"; sourceTree = BUILT_PRODUCTS_DIR; };
		376AD0C22808DC5900986B49 /* AppDelegate.swift */ = {isa = PBXFileReference; lastKnownFileType = sourcecode.swift; path = AppDelegate.swift; sourceTree = "<group>"; };
		376AD0C42808DC5900986B49 /* SceneDelegate.swift */ = {isa = PBXFileReference; lastKnownFileType = sourcecode.swift; path = SceneDelegate.swift; sourceTree = "<group>"; };
		376AD0C62808DC5900986B49 /* App.swift */ = {isa = PBXFileReference; lastKnownFileType = sourcecode.swift; path = App.swift; sourceTree = "<group>"; };
		376AD0CB2808DC5A00986B49 /* Assets.xcassets */ = {isa = PBXFileReference; lastKnownFileType = folder.assetcatalog; path = Assets.xcassets; sourceTree = "<group>"; };
		376AD0D02808DC5A00986B49 /* Info.plist */ = {isa = PBXFileReference; lastKnownFileType = text.plist.xml; path = Info.plist; sourceTree = "<group>"; };
		376AD0D62808DDEB00986B49 /* TaskListView.swift */ = {isa = PBXFileReference; lastKnownFileType = sourcecode.swift; path = TaskListView.swift; sourceTree = "<group>"; };
		376AD0DA2808EFA300986B49 /* TaskSlider.swift */ = {isa = PBXFileReference; lastKnownFileType = sourcecode.swift; path = TaskSlider.swift; sourceTree = "<group>"; };
		376AD0DC2808FD4C00986B49 /* Classes.swift */ = {isa = PBXFileReference; lastKnownFileType = sourcecode.swift; path = Classes.swift; sourceTree = "<group>"; };
		376AD0DE280901AF00986B49 /* Extensions.swift */ = {isa = PBXFileReference; lastKnownFileType = sourcecode.swift; path = Extensions.swift; sourceTree = "<group>"; };
		377C3913281B0F4C006F42BA /* SettingsPageViewController.swift */ = {isa = PBXFileReference; lastKnownFileType = sourcecode.swift; path = SettingsPageViewController.swift; sourceTree = "<group>"; };
		37983B8B2819F608007B241A /* SettingsViewController.swift */ = {isa = PBXFileReference; lastKnownFileType = sourcecode.swift; path = SettingsViewController.swift; sourceTree = "<group>"; };
		37E4CE002809AE3F002B4D87 /* SideMenuView.swift */ = {isa = PBXFileReference; lastKnownFileType = sourcecode.swift; path = SideMenuView.swift; sourceTree = "<group>"; };
		37E4CE022809C9F3002B4D87 /* AddTaskButton.swift */ = {isa = PBXFileReference; lastKnownFileType = sourcecode.swift; path = AddTaskButton.swift; sourceTree = "<group>"; };
		37F837C4280E11BF00F2A9C0 /* AddListView.swift */ = {isa = PBXFileReference; lastKnownFileType = sourcecode.swift; path = AddListView.swift; sourceTree = "<group>"; };
		37F837C6280E657E00F2A9C0 /* Theme.swift */ = {isa = PBXFileReference; lastKnownFileType = sourcecode.swift; path = Theme.swift; sourceTree = "<group>"; };
/* End PBXFileReference section */

/* Begin PBXFrameworksBuildPhase section */
		376AD0BC2808DC5900986B49 /* Frameworks */ = {
			isa = PBXFrameworksBuildPhase;
			buildActionMask = 2147483647;
			files = (
			);
			runOnlyForDeploymentPostprocessing = 0;
		};
/* End PBXFrameworksBuildPhase section */

/* Begin PBXGroup section */
		371D998128146E270060CB34 /* Backend classes */ = {
			isa = PBXGroup;
			children = (
				376AD0DC2808FD4C00986B49 /* Classes.swift */,
				376AD0DE280901AF00986B49 /* Extensions.swift */,
				37F837C6280E657E00F2A9C0 /* Theme.swift */,
				371135F628138CE300B51322 /* NotificationHelper.swift */,
				372B8A0F281CD50A00117A72 /* AppIconManager.swift */,
			);
			path = "Backend classes";
			sourceTree = "<group>";
		};
		372B8A21281CE61F00117A72 /* App Icons */ = {
			isa = PBXGroup;
			children = (
				372B8A26281CE61F00117A72 /* classic@2x.png */,
				372B8A23281CE61F00117A72 /* classic@3x.png */,
				372B8A22281CE61F00117A72 /* classicFilled@2x.png */,
				372B8A27281CE61F00117A72 /* classicFilled@3x.png */,
				372B8A29281CE61F00117A72 /* darkmode@2x.png */,
				372B8A28281CE61F00117A72 /* darkmode@3x.png */,
				372B8A24281CE61F00117A72 /* darkmodeFilled@3x.png */,
				372B8A25281CE61F00117A72 /* darkmodeFilled@2x.png */,
			);
			path = "App Icons";
			sourceTree = "<group>";
		};
		376AD0B62808DC5900986B49 = {
			isa = PBXGroup;
			children = (
				376AD0C12808DC5900986B49 /* Finale To-do */,
				376AD0C02808DC5900986B49 /* Products */,
			);
			sourceTree = "<group>";
		};
		376AD0C02808DC5900986B49 /* Products */ = {
			isa = PBXGroup;
			children = (
				376AD0BF2808DC5900986B49 /* Finale To-do.app */,
			);
			name = Products;
			sourceTree = "<group>";
		};
		376AD0C12808DC5900986B49 /* Finale To-do */ = {
			isa = PBXGroup;
			children = (
				372B8A21281CE61F00117A72 /* App Icons */,
				371D998128146E270060CB34 /* Backend classes */,
				376AD0D92808EF9600986B49 /* Elements */,
				376AD0D82808EF8B00986B49 /* Views */,
				376AD0C22808DC5900986B49 /* AppDelegate.swift */,
				376AD0C42808DC5900986B49 /* SceneDelegate.swift */,
				376AD0C62808DC5900986B49 /* App.swift */,
				376AD0D02808DC5A00986B49 /* Info.plist */,
				376AD0CB2808DC5A00986B49 /* Assets.xcassets */,
			);
			path = "Finale To-do";
			sourceTree = "<group>";
		};
		376AD0D82808EF8B00986B49 /* Views */ = {
			isa = PBXGroup;
			children = (
				37B750BF281A40E900164803 /* Settings */,
				375E5D7A280F7155001A289E /* CalendarViewController.swift */,
				376AD0D62808DDEB00986B49 /* TaskListView.swift */,
				37E4CE002809AE3F002B4D87 /* SideMenuView.swift */,
				37F837C4280E11BF00F2A9C0 /* AddListView.swift */,
			);
			path = Views;
			sourceTree = "<group>";
		};
		376AD0D92808EF9600986B49 /* Elements */ = {
			isa = PBXGroup;
			children = (
				376AD0DA2808EFA300986B49 /* TaskSlider.swift */,
				37E4CE022809C9F3002B4D87 /* AddTaskButton.swift */,
				375E5D78280F1AA2001A289E /* UndoButton.swift */,
				370A9DB028106F5D00FC30A7 /* ConfirmationSlideover.swift */,
				370A9DB22810CDDE00FC30A7 /* TaskSliderContextMenu.swift */,
			);
			path = Elements;
			sourceTree = "<group>";
		};
		37B750BF281A40E900164803 /* Settings */ = {
			isa = PBXGroup;
			children = (
				37983B8B2819F608007B241A /* SettingsViewController.swift */,
				377C3913281B0F4C006F42BA /* SettingsPageViewController.swift */,
				372B89FC281C4DE200117A72 /* MiscSettingsTableRows.swift */,
			);
			path = Settings;
			sourceTree = "<group>";
		};
/* End PBXGroup section */

/* Begin PBXNativeTarget section */
		376AD0BE2808DC5900986B49 /* Finale To-do */ = {
			isa = PBXNativeTarget;
			buildConfigurationList = 376AD0D32808DC5A00986B49 /* Build configuration list for PBXNativeTarget "Finale To-do" */;
			buildPhases = (
				376AD0BB2808DC5900986B49 /* Sources */,
				376AD0BC2808DC5900986B49 /* Frameworks */,
				376AD0BD2808DC5900986B49 /* Resources */,
			);
			buildRules = (
			);
			dependencies = (
			);
			name = "Finale To-do";
			productName = "Finale To-do";
			productReference = 376AD0BF2808DC5900986B49 /* Finale To-do.app */;
			productType = "com.apple.product-type.application";
		};
/* End PBXNativeTarget section */

/* Begin PBXProject section */
		376AD0B72808DC5900986B49 /* Project object */ = {
			isa = PBXProject;
			attributes = {
				BuildIndependentTargetsInParallel = 1;
				LastSwiftUpdateCheck = 1330;
				LastUpgradeCheck = 1330;
				TargetAttributes = {
					376AD0BE2808DC5900986B49 = {
						CreatedOnToolsVersion = 13.3.1;
					};
				};
			};
			buildConfigurationList = 376AD0BA2808DC5900986B49 /* Build configuration list for PBXProject "Finale To-do" */;
			compatibilityVersion = "Xcode 13.0";
			developmentRegion = en;
			hasScannedForEncodings = 0;
			knownRegions = (
				en,
				Base,
			);
			mainGroup = 376AD0B62808DC5900986B49;
			productRefGroup = 376AD0C02808DC5900986B49 /* Products */;
			projectDirPath = "";
			projectRoot = "";
			targets = (
				376AD0BE2808DC5900986B49 /* Finale To-do */,
			);
		};
/* End PBXProject section */

/* Begin PBXResourcesBuildPhase section */
		376AD0BD2808DC5900986B49 /* Resources */ = {
			isa = PBXResourcesBuildPhase;
			buildActionMask = 2147483647;
			files = (
				372B8A2A281CE61F00117A72 /* classicFilled@2x.png in Resources */,
				372B8A2E281CE61F00117A72 /* classic@2x.png in Resources */,
				372B8A31281CE61F00117A72 /* darkmode@2x.png in Resources */,
				376AD0CC2808DC5A00986B49 /* Assets.xcassets in Resources */,
				372B8A2C281CE61F00117A72 /* darkmodeFilled@3x.png in Resources */,
				372B8A30281CE61F00117A72 /* darkmode@3x.png in Resources */,
				372B8A2D281CE61F00117A72 /* darkmodeFilled@2x.png in Resources */,
				372B8A2F281CE61F00117A72 /* classicFilled@3x.png in Resources */,
				372B8A2B281CE61F00117A72 /* classic@3x.png in Resources */,
			);
			runOnlyForDeploymentPostprocessing = 0;
		};
/* End PBXResourcesBuildPhase section */

/* Begin PBXSourcesBuildPhase section */
		376AD0BB2808DC5900986B49 /* Sources */ = {
			isa = PBXSourcesBuildPhase;
			buildActionMask = 2147483647;
			files = (
				370A9DB128106F5D00FC30A7 /* ConfirmationSlideover.swift in Sources */,
				376AD0C72808DC5900986B49 /* App.swift in Sources */,
				376AD0D72808DDEB00986B49 /* TaskListView.swift in Sources */,
				37E4CE032809C9F3002B4D87 /* AddTaskButton.swift in Sources */,
				37E4CE012809AE3F002B4D87 /* SideMenuView.swift in Sources */,
				376AD0DD2808FD4C00986B49 /* Classes.swift in Sources */,
				376AD0C32808DC5900986B49 /* AppDelegate.swift in Sources */,
				370A9DB32810CDDE00FC30A7 /* TaskSliderContextMenu.swift in Sources */,
				375E5D7B280F7155001A289E /* CalendarViewController.swift in Sources */,
				376AD0C52808DC5900986B49 /* SceneDelegate.swift in Sources */,
				371135F728138CE300B51322 /* NotificationHelper.swift in Sources */,
				376AD0DB2808EFA300986B49 /* TaskSlider.swift in Sources */,
				37983B8C2819F608007B241A /* SettingsViewController.swift in Sources */,
				37F837C7280E657E00F2A9C0 /* Theme.swift in Sources */,
				375E5D79280F1AA2001A289E /* UndoButton.swift in Sources */,
				372B89FD281C4DE200117A72 /* MiscSettingsTableRows.swift in Sources */,
				372B8A10281CD50A00117A72 /* AppIconManager.swift in Sources */,
				376AD0DF280901AF00986B49 /* Extensions.swift in Sources */,
				377C3914281B0F4C006F42BA /* SettingsPageViewController.swift in Sources */,
				37F837C5280E11BF00F2A9C0 /* AddListView.swift in Sources */,
			);
			runOnlyForDeploymentPostprocessing = 0;
		};
/* End PBXSourcesBuildPhase section */

/* Begin XCBuildConfiguration section */
		376AD0D12808DC5A00986B49 /* Debug */ = {
			isa = XCBuildConfiguration;
			buildSettings = {
				ALWAYS_SEARCH_USER_PATHS = NO;
				CLANG_ANALYZER_NONNULL = YES;
				CLANG_ANALYZER_NUMBER_OBJECT_CONVERSION = YES_AGGRESSIVE;
				CLANG_CXX_LANGUAGE_STANDARD = "gnu++17";
				CLANG_ENABLE_MODULES = YES;
				CLANG_ENABLE_OBJC_ARC = YES;
				CLANG_ENABLE_OBJC_WEAK = YES;
				CLANG_WARN_BLOCK_CAPTURE_AUTORELEASING = YES;
				CLANG_WARN_BOOL_CONVERSION = YES;
				CLANG_WARN_COMMA = YES;
				CLANG_WARN_CONSTANT_CONVERSION = YES;
				CLANG_WARN_DEPRECATED_OBJC_IMPLEMENTATIONS = YES;
				CLANG_WARN_DIRECT_OBJC_ISA_USAGE = YES_ERROR;
				CLANG_WARN_DOCUMENTATION_COMMENTS = YES;
				CLANG_WARN_EMPTY_BODY = YES;
				CLANG_WARN_ENUM_CONVERSION = YES;
				CLANG_WARN_INFINITE_RECURSION = YES;
				CLANG_WARN_INT_CONVERSION = YES;
				CLANG_WARN_NON_LITERAL_NULL_CONVERSION = YES;
				CLANG_WARN_OBJC_IMPLICIT_RETAIN_SELF = YES;
				CLANG_WARN_OBJC_LITERAL_CONVERSION = YES;
				CLANG_WARN_OBJC_ROOT_CLASS = YES_ERROR;
				CLANG_WARN_QUOTED_INCLUDE_IN_FRAMEWORK_HEADER = YES;
				CLANG_WARN_RANGE_LOOP_ANALYSIS = YES;
				CLANG_WARN_STRICT_PROTOTYPES = YES;
				CLANG_WARN_SUSPICIOUS_MOVE = YES;
				CLANG_WARN_UNGUARDED_AVAILABILITY = YES_AGGRESSIVE;
				CLANG_WARN_UNREACHABLE_CODE = YES;
				CLANG_WARN__DUPLICATE_METHOD_MATCH = YES;
				COPY_PHASE_STRIP = NO;
				DEBUG_INFORMATION_FORMAT = dwarf;
				ENABLE_STRICT_OBJC_MSGSEND = YES;
				ENABLE_TESTABILITY = YES;
				GCC_C_LANGUAGE_STANDARD = gnu11;
				GCC_DYNAMIC_NO_PIC = NO;
				GCC_NO_COMMON_BLOCKS = YES;
				GCC_OPTIMIZATION_LEVEL = 0;
				GCC_PREPROCESSOR_DEFINITIONS = (
					"DEBUG=1",
					"$(inherited)",
				);
				GCC_WARN_64_TO_32_BIT_CONVERSION = YES;
				GCC_WARN_ABOUT_RETURN_TYPE = YES_ERROR;
				GCC_WARN_UNDECLARED_SELECTOR = YES;
				GCC_WARN_UNINITIALIZED_AUTOS = YES_AGGRESSIVE;
				GCC_WARN_UNUSED_FUNCTION = YES;
				GCC_WARN_UNUSED_VARIABLE = YES;
				IPHONEOS_DEPLOYMENT_TARGET = 15.4;
				MTL_ENABLE_DEBUG_INFO = INCLUDE_SOURCE;
				MTL_FAST_MATH = YES;
				ONLY_ACTIVE_ARCH = YES;
				SDKROOT = iphoneos;
				SWIFT_ACTIVE_COMPILATION_CONDITIONS = DEBUG;
				SWIFT_OPTIMIZATION_LEVEL = "-Onone";
			};
			name = Debug;
		};
		376AD0D22808DC5A00986B49 /* Release */ = {
			isa = XCBuildConfiguration;
			buildSettings = {
				ALWAYS_SEARCH_USER_PATHS = NO;
				CLANG_ANALYZER_NONNULL = YES;
				CLANG_ANALYZER_NUMBER_OBJECT_CONVERSION = YES_AGGRESSIVE;
				CLANG_CXX_LANGUAGE_STANDARD = "gnu++17";
				CLANG_ENABLE_MODULES = YES;
				CLANG_ENABLE_OBJC_ARC = YES;
				CLANG_ENABLE_OBJC_WEAK = YES;
				CLANG_WARN_BLOCK_CAPTURE_AUTORELEASING = YES;
				CLANG_WARN_BOOL_CONVERSION = YES;
				CLANG_WARN_COMMA = YES;
				CLANG_WARN_CONSTANT_CONVERSION = YES;
				CLANG_WARN_DEPRECATED_OBJC_IMPLEMENTATIONS = YES;
				CLANG_WARN_DIRECT_OBJC_ISA_USAGE = YES_ERROR;
				CLANG_WARN_DOCUMENTATION_COMMENTS = YES;
				CLANG_WARN_EMPTY_BODY = YES;
				CLANG_WARN_ENUM_CONVERSION = YES;
				CLANG_WARN_INFINITE_RECURSION = YES;
				CLANG_WARN_INT_CONVERSION = YES;
				CLANG_WARN_NON_LITERAL_NULL_CONVERSION = YES;
				CLANG_WARN_OBJC_IMPLICIT_RETAIN_SELF = YES;
				CLANG_WARN_OBJC_LITERAL_CONVERSION = YES;
				CLANG_WARN_OBJC_ROOT_CLASS = YES_ERROR;
				CLANG_WARN_QUOTED_INCLUDE_IN_FRAMEWORK_HEADER = YES;
				CLANG_WARN_RANGE_LOOP_ANALYSIS = YES;
				CLANG_WARN_STRICT_PROTOTYPES = YES;
				CLANG_WARN_SUSPICIOUS_MOVE = YES;
				CLANG_WARN_UNGUARDED_AVAILABILITY = YES_AGGRESSIVE;
				CLANG_WARN_UNREACHABLE_CODE = YES;
				CLANG_WARN__DUPLICATE_METHOD_MATCH = YES;
				COPY_PHASE_STRIP = NO;
				DEBUG_INFORMATION_FORMAT = "dwarf-with-dsym";
				ENABLE_NS_ASSERTIONS = NO;
				ENABLE_STRICT_OBJC_MSGSEND = YES;
				GCC_C_LANGUAGE_STANDARD = gnu11;
				GCC_NO_COMMON_BLOCKS = YES;
				GCC_WARN_64_TO_32_BIT_CONVERSION = YES;
				GCC_WARN_ABOUT_RETURN_TYPE = YES_ERROR;
				GCC_WARN_UNDECLARED_SELECTOR = YES;
				GCC_WARN_UNINITIALIZED_AUTOS = YES_AGGRESSIVE;
				GCC_WARN_UNUSED_FUNCTION = YES;
				GCC_WARN_UNUSED_VARIABLE = YES;
				IPHONEOS_DEPLOYMENT_TARGET = 15.4;
				MTL_ENABLE_DEBUG_INFO = NO;
				MTL_FAST_MATH = YES;
				SDKROOT = iphoneos;
				SWIFT_COMPILATION_MODE = wholemodule;
				SWIFT_OPTIMIZATION_LEVEL = "-O";
				VALIDATE_PRODUCT = YES;
			};
			name = Release;
		};
		376AD0D42808DC5A00986B49 /* Debug */ = {
			isa = XCBuildConfiguration;
			buildSettings = {
				ASSETCATALOG_COMPILER_APPICON_NAME = AppIcon;
				ASSETCATALOG_COMPILER_GLOBAL_ACCENT_COLOR_NAME = AccentColor;
				CODE_SIGN_STYLE = Automatic;
				CURRENT_PROJECT_VERSION = 1;
				DEVELOPMENT_TEAM = AYPPAXMRMG;
				GENERATE_INFOPLIST_FILE = YES;
				INFOPLIST_FILE = "Finale To-do/Info.plist";
				INFOPLIST_KEY_UIApplicationSupportsIndirectInputEvents = YES;
				INFOPLIST_KEY_UILaunchStoryboardName = LaunchScreen;
				INFOPLIST_KEY_UISupportedInterfaceOrientations = UIInterfaceOrientationPortrait;
				INFOPLIST_KEY_UISupportedInterfaceOrientations_iPad = "UIInterfaceOrientationPortrait UIInterfaceOrientationPortraitUpsideDown";
				INFOPLIST_KEY_UISupportedInterfaceOrientations_iPhone = UIInterfaceOrientationPortrait;
				IPHONEOS_DEPLOYMENT_TARGET = 15.0;
				LD_RUNPATH_SEARCH_PATHS = (
					"$(inherited)",
					"@executable_path/Frameworks",
				);
				MARKETING_VERSION = 1.0;
				PRODUCT_BUNDLE_IDENTIFIER = "com.Grant151.Finale-To-do";
				PRODUCT_NAME = "$(TARGET_NAME)";
				SWIFT_EMIT_LOC_STRINGS = YES;
				SWIFT_VERSION = 5.0;
				TARGETED_DEVICE_FAMILY = "1,2";
			};
			name = Debug;
		};
		376AD0D52808DC5A00986B49 /* Release */ = {
			isa = XCBuildConfiguration;
			buildSettings = {
				ASSETCATALOG_COMPILER_APPICON_NAME = AppIcon;
				ASSETCATALOG_COMPILER_GLOBAL_ACCENT_COLOR_NAME = AccentColor;
				CODE_SIGN_STYLE = Automatic;
				CURRENT_PROJECT_VERSION = 1;
				DEVELOPMENT_TEAM = AYPPAXMRMG;
				GENERATE_INFOPLIST_FILE = YES;
				INFOPLIST_FILE = "Finale To-do/Info.plist";
				INFOPLIST_KEY_UIApplicationSupportsIndirectInputEvents = YES;
				INFOPLIST_KEY_UILaunchStoryboardName = LaunchScreen;
				INFOPLIST_KEY_UISupportedInterfaceOrientations = UIInterfaceOrientationPortrait;
				INFOPLIST_KEY_UISupportedInterfaceOrientations_iPad = "UIInterfaceOrientationPortrait UIInterfaceOrientationPortraitUpsideDown";
				INFOPLIST_KEY_UISupportedInterfaceOrientations_iPhone = UIInterfaceOrientationPortrait;
				IPHONEOS_DEPLOYMENT_TARGET = 15.0;
				LD_RUNPATH_SEARCH_PATHS = (
					"$(inherited)",
					"@executable_path/Frameworks",
				);
				MARKETING_VERSION = 1.0;
				PRODUCT_BUNDLE_IDENTIFIER = "com.Grant151.Finale-To-do";
				PRODUCT_NAME = "$(TARGET_NAME)";
				SWIFT_EMIT_LOC_STRINGS = YES;
				SWIFT_VERSION = 5.0;
				TARGETED_DEVICE_FAMILY = "1,2";
			};
			name = Release;
		};
/* End XCBuildConfiguration section */

/* Begin XCConfigurationList section */
		376AD0BA2808DC5900986B49 /* Build configuration list for PBXProject "Finale To-do" */ = {
			isa = XCConfigurationList;
			buildConfigurations = (
				376AD0D12808DC5A00986B49 /* Debug */,
				376AD0D22808DC5A00986B49 /* Release */,
			);
			defaultConfigurationIsVisible = 0;
			defaultConfigurationName = Release;
		};
		376AD0D32808DC5A00986B49 /* Build configuration list for PBXNativeTarget "Finale To-do" */ = {
			isa = XCConfigurationList;
			buildConfigurations = (
				376AD0D42808DC5A00986B49 /* Debug */,
				376AD0D52808DC5A00986B49 /* Release */,
			);
			defaultConfigurationIsVisible = 0;
			defaultConfigurationName = Release;
		};
/* End XCConfigurationList section */
	};
	rootObject = 376AD0B72808DC5900986B49 /* Project object */;
}
